
Microsoft Visual Studio Solution File, Format Version 12.00
# Visual Studio Version 16
VisualStudioVersion = 16.0.31129.286
MinimumVisualStudioVersion = 10.0.40219.1
Project("{8BC9CEB8-8B4A-11D0-8D11-00A0C91BC942}") = "CudaProperties", "CudaProperties\CudaProperties.vcxproj", "{9901AA09-7578-4ECD-A946-235DD0C45C50}"
EndProject
Global
	GlobalSection(SolutionConfigurationPlatforms) = preSolution
		Debug|x64 = Debug|x64
		Release|x64 = Release|x64
	EndGlobalSection
	GlobalSection(ProjectConfigurationPlatforms) = postSolution
		{9901AA09-7578-4ECD-A946-235DD0C45C50}.Debug|x64.ActiveCfg = Debug|x64
		{9901AA09-7578-4ECD-A946-235DD0C45C50}.Debug|x64.Build.0 = Debug|x64
		{9901AA09-7578-4ECD-A946-235DD0C45C50}.Release|x64.ActiveCfg = Release|x64
		{9901AA09-7578-4ECD-A946-235DD0C45C50}.Release|x64.Build.0 = Release|x64
	EndGlobalSection
	GlobalSection(SolutionProperties) = preSolution
		HideSolutionNode = FALSE
	EndGlobalSection
	GlobalSection(ExtensibilityGlobals) = postSolution
		SolutionGuid = {E26501BB-0630-43CE-B77F-F47FFBD917EE}
	EndGlobalSection
EndGlobal
